
Microsoft Visual Studio Solution File, Format Version 10.00
# Visual Studio 2008
Project("{2150E333-8FDC-42A3-9474-1A3956D46DE8}") = "iPower(R)IRMP", "iPower(R)IRMP", "{6A84CD55-EC72-44BF-A8DF-5D6AA366C674}"
EndProject
Project("{2150E333-8FDC-42A3-9474-1A3956D46DE8}") = "iPower(R)IRMP Org", "iPower(R)IRMP Org", "{DE2DF6A7-51AA-4499-8596-4452BD5C76C7}"
EndProject
Project("{2150E333-8FDC-42A3-9474-1A3956D46DE8}") = "iPower(R)IRMP Security", "iPower(R)IRMP Security", "{A426E844-1D3D-4441-8A21-0B37BC5C93D9}"
EndProject
Project("{2150E333-8FDC-42A3-9474-1A3956D46DE8}") = "iPower(R)IRMP Flow", "iPower(R)IRMP Flow", "{EAA7C8F2-D1DD-4D6E-8F99-A6C5A8730A33}"
EndProject
Project("{2150E333-8FDC-42A3-9474-1A3956D46DE8}") = "iPower(R)IRMP SysMgr", "iPower(R)IRMP SysMgr", "{AF573D20-9066-45AD-9640-75182839B532}"
EndProject
Project("{FAE04EC0-301F-11D3-BF4B-00C04F79EFBC}") = "iPower.IRMP", "iPower.IRMP\iPower.IRMP.csproj", "{3AC24990-D86C-4989-84DC-4EDF9592520C}"
EndProject
Project("{FAE04EC0-301F-11D3-BF4B-00C04F79EFBC}") = "iPower.IRMP.Documents", "iPower.IRMP.Documents\iPower.IRMP.Documents.csproj", "{8CBE7A40-73D5-4992-ADCF-D1BAA2E54021}"
EndProject
Project("{FAE04EC0-301F-11D3-BF4B-00C04F79EFBC}") = "iPower.IRMP.Engine", "iPower.IRMP.Engine\iPower.IRMP.Engine.csproj", "{7EE919AF-588F-403B-81FB-E2B462341C66}"
EndProject
Project("{FAE04EC0-301F-11D3-BF4B-00C04F79EFBC}") = "iPower.IRMP.SSOClient", "iPower.IRMP.SSOClient\iPower.IRMP.SSOClient.csproj", "{B544B8DF-44E0-4830-B512-DC5277BD81F2}"
EndProject
Project("{FAE04EC0-301F-11D3-BF4B-00C04F79EFBC}") = "iPower.IRMP.Web", "iPower.IRMP.Web\iPower.IRMP.Web.csproj", "{D365B556-7715-421A-B30B-CC9F6FD7F140}"
EndProject
Project("{FAE04EC0-301F-11D3-BF4B-00C04F79EFBC}") = "iPower.IRMP.Flow", "iPower.IRMP.Flow\iPower.IRMP.Flow.csproj", "{AC82B0D6-DB71-41A0-ABCE-EF95B33BD344}"
EndProject
Project("{FAE04EC0-301F-11D3-BF4B-00C04F79EFBC}") = "iPower.IRMP.Flow.Documents", "iPower.IRMP.Flow.Documents\iPower.IRMP.Flow.Documents.csproj", "{58DAA662-B786-4EE9-A19F-8EC9360E8599}"
EndProject
Project("{FAE04EC0-301F-11D3-BF4B-00C04F79EFBC}") = "iPower.IRMP.Flow.Engine", "iPower.IRMP.Flow.Engine\iPower.IRMP.Flow.Engine.csproj", "{935AF180-1C1B-428B-B90B-D5EBA6A45845}"
EndProject
Project("{FAE04EC0-301F-11D3-BF4B-00C04F79EFBC}") = "iPower.IRMP.Flow.Poxy", "iPower.IRMP.Flow.Poxy\iPower.IRMP.Flow.Poxy.csproj", "{39FE19EB-74A1-4D5F-B41B-F05F86848699}"
EndProject
Project("{FAE04EC0-301F-11D3-BF4B-00C04F79EFBC}") = "iPower.IRMP.Flow.Web", "iPower.IRMP.Web\Flow\iPower.IRMP.Flow.Web.csproj", "{94651D09-67C9-4047-A2C8-6D7B94447B95}"
EndProject
Project("{FAE04EC0-301F-11D3-BF4B-00C04F79EFBC}") = "iPower.IRMP.Org.Documents", "iPower.IRMP.Org.Documents\iPower.IRMP.Org.Documents.csproj", "{46DB1097-C11C-4DA5-BDB9-CB1A39CFC066}"
EndProject
Project("{FAE04EC0-301F-11D3-BF4B-00C04F79EFBC}") = "iPower.IRMP.Org.Engine", "iPower.IRMP.Org.Engine\iPower.IRMP.Org.Engine.csproj", "{D1B035B5-FCAB-4815-B1CA-5C8ACD07947E}"
EndProject
Project("{FAE04EC0-301F-11D3-BF4B-00C04F79EFBC}") = "iPower.IRMP.Org.Poxy", "iPower.IRMP.Org.Poxy\iPower.IRMP.Org.Poxy.csproj", "{6B14F10A-78F5-48E6-9A92-5B2A88D4ED10}"
EndProject
Project("{FAE04EC0-301F-11D3-BF4B-00C04F79EFBC}") = "iPower.IRMP.Org.Web", "iPower.IRMP.Web\Org\iPower.IRMP.Org.Web.csproj", "{F2A372FB-371F-4B33-9E18-CF2E37AFD261}"
EndProject
Project("{FAE04EC0-301F-11D3-BF4B-00C04F79EFBC}") = "iPower.IRMP.Security.Client", "iPower.IRMP.Security.Client\iPower.IRMP.Security.Client.csproj", "{2ED372A4-83E4-4269-9537-C9E972E1BD4A}"
EndProject
Project("{FAE04EC0-301F-11D3-BF4B-00C04F79EFBC}") = "iPower.IRMP.Security.Documents", "iPower.IRMP.Security.Documents\iPower.IRMP.Security.Documents.csproj", "{DBC6E9D5-795B-4A41-8CB7-731A1F1A9A97}"
EndProject
Project("{FAE04EC0-301F-11D3-BF4B-00C04F79EFBC}") = "iPower.IRMP.Security.Engine", "iPower.IRMP.Security.Engine\iPower.IRMP.Security.Engine.csproj", "{7B7B998D-7496-4A29-A662-3472F49F8F84}"
EndProject
Project("{FAE04EC0-301F-11D3-BF4B-00C04F79EFBC}") = "iPower.IRMP.Security.Web", "iPower.IRMP.Web\Security\iPower.IRMP.Security.Web.csproj", "{3DD3CEED-C71E-464C-A1BA-6145F7CCEBAD}"
EndProject
Project("{FAE04EC0-301F-11D3-BF4B-00C04F79EFBC}") = "iPower.IRMP.SysMgr.Documents", "iPower.IRMP.SysMgr.Documents\iPower.IRMP.SysMgr.Documents.csproj", "{119A515C-1F3A-497D-BBA7-62776DCFE4F6}"
EndProject
Project("{FAE04EC0-301F-11D3-BF4B-00C04F79EFBC}") = "iPower.IRMP.SysMgr.Engine", "iPower.IRMP.SysMgr.Engine\iPower.IRMP.SysMgr.Engine.csproj", "{ABB00055-104A-4157-8C7E-C281C42F0BDC}"
EndProject
Project("{FAE04EC0-301F-11D3-BF4B-00C04F79EFBC}") = "iPower.IRMP.SysMgr.Web", "iPower.IRMP.Web\Sys\iPower.IRMP.SysMgr.Web.csproj", "{C8AABA00-8F02-4CC6-BC6D-401F388AC890}"
EndProject
Project("{FAE04EC0-301F-11D3-BF4B-00C04F79EFBC}") = "iPower.IRMP.Security.Poxy", "iPower.IRMP.Security.Poxy\iPower.IRMP.Security.Poxy.csproj", "{4F442E69-8F66-4D5A-A1E2-DDD60714CEF4}"
EndProject
Project("{FAE04EC0-301F-11D3-BF4B-00C04F79EFBC}") = "iPower.IRMP.Flow.WinService", "iPower.IRMP.Flow.WinService\iPower.IRMP.Flow.WinService.csproj", "{A2BE7F32-3F2A-46BF-8051-9A3626F9A2BE}"
EndProject
Project("{2150E333-8FDC-42A3-9474-1A3956D46DE8}") = "基础框架", "基础框架", "{C9F4F970-1E16-498F-9338-6BED5708AC47}"
EndProject
Project("{FAE04EC0-301F-11D3-BF4B-00C04F79EFBC}") = "iPower", "..\csharp_ipower\iPower\iPower.csproj", "{ACF5A361-DFCF-4346-921C-060DB79E7F19}"
EndProject
Project("{FAE04EC0-301F-11D3-BF4B-00C04F79EFBC}") = "iPower.Data", "..\csharp_ipower\iPower.Data\iPower.Data.csproj", "{49E097D0-FCDA-4CB2-A27D-CA4EDCD5403B}"
EndProject
Project("{FAE04EC0-301F-11D3-BF4B-00C04F79EFBC}") = "iPower.Platform", "..\csharp_ipower\iPower.Platform\iPower.Platform.csproj", "{349E7E3F-0050-4728-A5D5-8A7ADD0F9FAF}"
EndProject
Project("{FAE04EC0-301F-11D3-BF4B-00C04F79EFBC}") = "iPower.Platform.Engine", "..\csharp_ipower\iPower.Platform.Engine\iPower.Platform.Engine.csproj", "{BF08EF30-A60B-40E1-8FAE-243E964ECBB6}"
EndProject
Project("{FAE04EC0-301F-11D3-BF4B-00C04F79EFBC}") = "iPower.Platform.UI", "..\csharp_ipower\iPower.Platform.UI\iPower.Platform.UI.csproj", "{F3918067-F289-4990-BFF6-A9D7064601BA}"
EndProject
Project("{FAE04EC0-301F-11D3-BF4B-00C04F79EFBC}") = "iPower.Resources", "..\csharp_ipower\iPower.Resources\iPower.Resources.csproj", "{5BAE93E8-A48C-48F6-8726-C65379B22658}"
EndProject
Project("{FAE04EC0-301F-11D3-BF4B-00C04F79EFBC}") = "iPower.Web", "..\csharp_ipower\iPower.Web\iPower.Web.csproj", "{6E1C506F-A613-459C-BAA2-F8A412680C1E}"
EndProject
Project("{FAE04EC0-301F-11D3-BF4B-00C04F79EFBC}") = "iPower.WinService", "..\csharp_ipower\iPower.WinService\iPower.WinService.csproj", "{5C700A69-C208-4B0A-A78E-BA681015EDB7}"
EndProject
Project("{FAE04EC0-301F-11D3-BF4B-00C04F79EFBC}") = "iPower.IRMP.SSOService", "iPower.IRMP.SSOService\iPower.IRMP.SSOService.csproj", "{EBA902BB-BDAA-4938-8922-4CEEE1081193}"
EndProject
Global
	GlobalSection(SubversionScc) = preSolution
		Svn-Managed = True
		Manager = AnkhSVN - Subversion Support for Visual Studio
	EndGlobalSection
	GlobalSection(SolutionConfigurationPlatforms) = preSolution
		Debug|Any CPU = Debug|Any CPU
		Release|Any CPU = Release|Any CPU
	EndGlobalSection
	GlobalSection(ProjectConfigurationPlatforms) = postSolution
		{3AC24990-D86C-4989-84DC-4EDF9592520C}.Debug|Any CPU.ActiveCfg = Debug|Any CPU
		{3AC24990-D86C-4989-84DC-4EDF9592520C}.Debug|Any CPU.Build.0 = Debug|Any CPU
		{3AC24990-D86C-4989-84DC-4EDF9592520C}.Release|Any CPU.ActiveCfg = Release|Any CPU
		{3AC24990-D86C-4989-84DC-4EDF9592520C}.Release|Any CPU.Build.0 = Release|Any CPU
		{8CBE7A40-73D5-4992-ADCF-D1BAA2E54021}.Debug|Any CPU.ActiveCfg = Debug|Any CPU
		{8CBE7A40-73D5-4992-ADCF-D1BAA2E54021}.Debug|Any CPU.Build.0 = Debug|Any CPU
		{8CBE7A40-73D5-4992-ADCF-D1BAA2E54021}.Release|Any CPU.ActiveCfg = Release|Any CPU
		{8CBE7A40-73D5-4992-ADCF-D1BAA2E54021}.Release|Any CPU.Build.0 = Release|Any CPU
		{7EE919AF-588F-403B-81FB-E2B462341C66}.Debug|Any CPU.ActiveCfg = Debug|Any CPU
		{7EE919AF-588F-403B-81FB-E2B462341C66}.Debug|Any CPU.Build.0 = Debug|Any CPU
		{7EE919AF-588F-403B-81FB-E2B462341C66}.Release|Any CPU.ActiveCfg = Release|Any CPU
		{7EE919AF-588F-403B-81FB-E2B462341C66}.Release|Any CPU.Build.0 = Release|Any CPU
		{B544B8DF-44E0-4830-B512-DC5277BD81F2}.Debug|Any CPU.ActiveCfg = Debug|Any CPU
		{B544B8DF-44E0-4830-B512-DC5277BD81F2}.Debug|Any CPU.Build.0 = Debug|Any CPU
		{B544B8DF-44E0-4830-B512-DC5277BD81F2}.Release|Any CPU.ActiveCfg = Release|Any CPU
		{B544B8DF-44E0-4830-B512-DC5277BD81F2}.Release|Any CPU.Build.0 = Release|Any CPU
		{D365B556-7715-421A-B30B-CC9F6FD7F140}.Debug|Any CPU.ActiveCfg = Debug|Any CPU
		{D365B556-7715-421A-B30B-CC9F6FD7F140}.Debug|Any CPU.Build.0 = Debug|Any CPU
		{D365B556-7715-421A-B30B-CC9F6FD7F140}.Release|Any CPU.ActiveCfg = Release|Any CPU
		{D365B556-7715-421A-B30B-CC9F6FD7F140}.Release|Any CPU.Build.0 = Release|Any CPU
		{AC82B0D6-DB71-41A0-ABCE-EF95B33BD344}.Debug|Any CPU.ActiveCfg = Debug|Any CPU
		{AC82B0D6-DB71-41A0-ABCE-EF95B33BD344}.Debug|Any CPU.Build.0 = Debug|Any CPU
		{AC82B0D6-DB71-41A0-ABCE-EF95B33BD344}.Release|Any CPU.ActiveCfg = Release|Any CPU
		{AC82B0D6-DB71-41A0-ABCE-EF95B33BD344}.Release|Any CPU.Build.0 = Release|Any CPU
		{58DAA662-B786-4EE9-A19F-8EC9360E8599}.Debug|Any CPU.ActiveCfg = Debug|Any CPU
		{58DAA662-B786-4EE9-A19F-8EC9360E8599}.Debug|Any CPU.Build.0 = Debug|Any CPU
		{58DAA662-B786-4EE9-A19F-8EC9360E8599}.Release|Any CPU.ActiveCfg = Release|Any CPU
		{58DAA662-B786-4EE9-A19F-8EC9360E8599}.Release|Any CPU.Build.0 = Release|Any CPU
		{935AF180-1C1B-428B-B90B-D5EBA6A45845}.Debug|Any CPU.ActiveCfg = Debug|Any CPU
		{935AF180-1C1B-428B-B90B-D5EBA6A45845}.Debug|Any CPU.Build.0 = Debug|Any CPU
		{935AF180-1C1B-428B-B90B-D5EBA6A45845}.Release|Any CPU.ActiveCfg = Release|Any CPU
		{935AF180-1C1B-428B-B90B-D5EBA6A45845}.Release|Any CPU.Build.0 = Release|Any CPU
		{39FE19EB-74A1-4D5F-B41B-F05F86848699}.Debug|Any CPU.ActiveCfg = Debug|Any CPU
		{39FE19EB-74A1-4D5F-B41B-F05F86848699}.Debug|Any CPU.Build.0 = Debug|Any CPU
		{39FE19EB-74A1-4D5F-B41B-F05F86848699}.Release|Any CPU.ActiveCfg = Release|Any CPU
		{39FE19EB-74A1-4D5F-B41B-F05F86848699}.Release|Any CPU.Build.0 = Release|Any CPU
		{94651D09-67C9-4047-A2C8-6D7B94447B95}.Debug|Any CPU.ActiveCfg = Debug|Any CPU
		{94651D09-67C9-4047-A2C8-6D7B94447B95}.Debug|Any CPU.Build.0 = Debug|Any CPU
		{94651D09-67C9-4047-A2C8-6D7B94447B95}.Release|Any CPU.ActiveCfg = Release|Any CPU
		{94651D09-67C9-4047-A2C8-6D7B94447B95}.Release|Any CPU.Build.0 = Release|Any CPU
		{46DB1097-C11C-4DA5-BDB9-CB1A39CFC066}.Debug|Any CPU.ActiveCfg = Debug|Any CPU
		{46DB1097-C11C-4DA5-BDB9-CB1A39CFC066}.Debug|Any CPU.Build.0 = Debug|Any CPU
		{46DB1097-C11C-4DA5-BDB9-CB1A39CFC066}.Release|Any CPU.ActiveCfg = Release|Any CPU
		{46DB1097-C11C-4DA5-BDB9-CB1A39CFC066}.Release|Any CPU.Build.0 = Release|Any CPU
		{D1B035B5-FCAB-4815-B1CA-5C8ACD07947E}.Debug|Any CPU.ActiveCfg = Debug|Any CPU
		{D1B035B5-FCAB-4815-B1CA-5C8ACD07947E}.Debug|Any CPU.Build.0 = Debug|Any CPU
		{D1B035B5-FCAB-4815-B1CA-5C8ACD07947E}.Release|Any CPU.ActiveCfg = Release|Any CPU
		{D1B035B5-FCAB-4815-B1CA-5C8ACD07947E}.Release|Any CPU.Build.0 = Release|Any CPU
		{6B14F10A-78F5-48E6-9A92-5B2A88D4ED10}.Debug|Any CPU.ActiveCfg = Debug|Any CPU
		{6B14F10A-78F5-48E6-9A92-5B2A88D4ED10}.Debug|Any CPU.Build.0 = Debug|Any CPU
		{6B14F10A-78F5-48E6-9A92-5B2A88D4ED10}.Release|Any CPU.ActiveCfg = Release|Any CPU
		{6B14F10A-78F5-48E6-9A92-5B2A88D4ED10}.Release|Any CPU.Build.0 = Release|Any CPU
		{F2A372FB-371F-4B33-9E18-CF2E37AFD261}.Debug|Any CPU.ActiveCfg = Debug|Any CPU
		{F2A372FB-371F-4B33-9E18-CF2E37AFD261}.Debug|Any CPU.Build.0 = Debug|Any CPU
		{F2A372FB-371F-4B33-9E18-CF2E37AFD261}.Release|Any CPU.ActiveCfg = Release|Any CPU
		{F2A372FB-371F-4B33-9E18-CF2E37AFD261}.Release|Any CPU.Build.0 = Release|Any CPU
		{2ED372A4-83E4-4269-9537-C9E972E1BD4A}.Debug|Any CPU.ActiveCfg = Debug|Any CPU
		{2ED372A4-83E4-4269-9537-C9E972E1BD4A}.Debug|Any CPU.Build.0 = Debug|Any CPU
		{2ED372A4-83E4-4269-9537-C9E972E1BD4A}.Release|Any CPU.ActiveCfg = Release|Any CPU
		{2ED372A4-83E4-4269-9537-C9E972E1BD4A}.Release|Any CPU.Build.0 = Release|Any CPU
		{DBC6E9D5-795B-4A41-8CB7-731A1F1A9A97}.Debug|Any CPU.ActiveCfg = Debug|Any CPU
		{DBC6E9D5-795B-4A41-8CB7-731A1F1A9A97}.Debug|Any CPU.Build.0 = Debug|Any CPU
		{DBC6E9D5-795B-4A41-8CB7-731A1F1A9A97}.Release|Any CPU.ActiveCfg = Release|Any CPU
		{DBC6E9D5-795B-4A41-8CB7-731A1F1A9A97}.Release|Any CPU.Build.0 = Release|Any CPU
		{7B7B998D-7496-4A29-A662-3472F49F8F84}.Debug|Any CPU.ActiveCfg = Debug|Any CPU
		{7B7B998D-7496-4A29-A662-3472F49F8F84}.Debug|Any CPU.Build.0 = Debug|Any CPU
		{7B7B998D-7496-4A29-A662-3472F49F8F84}.Release|Any CPU.ActiveCfg = Release|Any CPU
		{7B7B998D-7496-4A29-A662-3472F49F8F84}.Release|Any CPU.Build.0 = Release|Any CPU
		{3DD3CEED-C71E-464C-A1BA-6145F7CCEBAD}.Debug|Any CPU.ActiveCfg = Debug|Any CPU
		{3DD3CEED-C71E-464C-A1BA-6145F7CCEBAD}.Debug|Any CPU.Build.0 = Debug|Any CPU
		{3DD3CEED-C71E-464C-A1BA-6145F7CCEBAD}.Release|Any CPU.ActiveCfg = Release|Any CPU
		{3DD3CEED-C71E-464C-A1BA-6145F7CCEBAD}.Release|Any CPU.Build.0 = Release|Any CPU
		{119A515C-1F3A-497D-BBA7-62776DCFE4F6}.Debug|Any CPU.ActiveCfg = Debug|Any CPU
		{119A515C-1F3A-497D-BBA7-62776DCFE4F6}.Debug|Any CPU.Build.0 = Debug|Any CPU
		{119A515C-1F3A-497D-BBA7-62776DCFE4F6}.Release|Any CPU.ActiveCfg = Release|Any CPU
		{119A515C-1F3A-497D-BBA7-62776DCFE4F6}.Release|Any CPU.Build.0 = Release|Any CPU
		{ABB00055-104A-4157-8C7E-C281C42F0BDC}.Debug|Any CPU.ActiveCfg = Debug|Any CPU
		{ABB00055-104A-4157-8C7E-C281C42F0BDC}.Debug|Any CPU.Build.0 = Debug|Any CPU
		{ABB00055-104A-4157-8C7E-C281C42F0BDC}.Release|Any CPU.ActiveCfg = Release|Any CPU
		{ABB00055-104A-4157-8C7E-C281C42F0BDC}.Release|Any CPU.Build.0 = Release|Any CPU
		{C8AABA00-8F02-4CC6-BC6D-401F388AC890}.Debug|Any CPU.ActiveCfg = Debug|Any CPU
		{C8AABA00-8F02-4CC6-BC6D-401F388AC890}.Debug|Any CPU.Build.0 = Debug|Any CPU
		{C8AABA00-8F02-4CC6-BC6D-401F388AC890}.Release|Any CPU.ActiveCfg = Release|Any CPU
		{C8AABA00-8F02-4CC6-BC6D-401F388AC890}.Release|Any CPU.Build.0 = Release|Any CPU
		{4F442E69-8F66-4D5A-A1E2-DDD60714CEF4}.Debug|Any CPU.ActiveCfg = Debug|Any CPU
		{4F442E69-8F66-4D5A-A1E2-DDD60714CEF4}.Debug|Any CPU.Build.0 = Debug|Any CPU
		{4F442E69-8F66-4D5A-A1E2-DDD60714CEF4}.Release|Any CPU.ActiveCfg = Release|Any CPU
		{4F442E69-8F66-4D5A-A1E2-DDD60714CEF4}.Release|Any CPU.Build.0 = Release|Any CPU
		{A2BE7F32-3F2A-46BF-8051-9A3626F9A2BE}.Debug|Any CPU.ActiveCfg = Debug|Any CPU
		{A2BE7F32-3F2A-46BF-8051-9A3626F9A2BE}.Debug|Any CPU.Build.0 = Debug|Any CPU
		{A2BE7F32-3F2A-46BF-8051-9A3626F9A2BE}.Release|Any CPU.ActiveCfg = Release|Any CPU
		{A2BE7F32-3F2A-46BF-8051-9A3626F9A2BE}.Release|Any CPU.Build.0 = Release|Any CPU
		{ACF5A361-DFCF-4346-921C-060DB79E7F19}.Debug|Any CPU.ActiveCfg = Debug|Any CPU
		{ACF5A361-DFCF-4346-921C-060DB79E7F19}.Debug|Any CPU.Build.0 = Debug|Any CPU
		{ACF5A361-DFCF-4346-921C-060DB79E7F19}.Release|Any CPU.ActiveCfg = Release|Any CPU
		{ACF5A361-DFCF-4346-921C-060DB79E7F19}.Release|Any CPU.Build.0 = Release|Any CPU
		{49E097D0-FCDA-4CB2-A27D-CA4EDCD5403B}.Debug|Any CPU.ActiveCfg = Debug|Any CPU
		{49E097D0-FCDA-4CB2-A27D-CA4EDCD5403B}.Debug|Any CPU.Build.0 = Debug|Any CPU
		{49E097D0-FCDA-4CB2-A27D-CA4EDCD5403B}.Release|Any CPU.ActiveCfg = Release|Any CPU
		{49E097D0-FCDA-4CB2-A27D-CA4EDCD5403B}.Release|Any CPU.Build.0 = Release|Any CPU
		{349E7E3F-0050-4728-A5D5-8A7ADD0F9FAF}.Debug|Any CPU.ActiveCfg = Debug|Any CPU
		{349E7E3F-0050-4728-A5D5-8A7ADD0F9FAF}.Debug|Any CPU.Build.0 = Debug|Any CPU
		{349E7E3F-0050-4728-A5D5-8A7ADD0F9FAF}.Release|Any CPU.ActiveCfg = Release|Any CPU
		{349E7E3F-0050-4728-A5D5-8A7ADD0F9FAF}.Release|Any CPU.Build.0 = Release|Any CPU
		{BF08EF30-A60B-40E1-8FAE-243E964ECBB6}.Debug|Any CPU.ActiveCfg = Debug|Any CPU
		{BF08EF30-A60B-40E1-8FAE-243E964ECBB6}.Debug|Any CPU.Build.0 = Debug|Any CPU
		{BF08EF30-A60B-40E1-8FAE-243E964ECBB6}.Release|Any CPU.ActiveCfg = Release|Any CPU
		{BF08EF30-A60B-40E1-8FAE-243E964ECBB6}.Release|Any CPU.Build.0 = Release|Any CPU
		{F3918067-F289-4990-BFF6-A9D7064601BA}.Debug|Any CPU.ActiveCfg = Debug|Any CPU
		{F3918067-F289-4990-BFF6-A9D7064601BA}.Debug|Any CPU.Build.0 = Debug|Any CPU
		{F3918067-F289-4990-BFF6-A9D7064601BA}.Release|Any CPU.ActiveCfg = Release|Any CPU
		{F3918067-F289-4990-BFF6-A9D7064601BA}.Release|Any CPU.Build.0 = Release|Any CPU
		{5BAE93E8-A48C-48F6-8726-C65379B22658}.Debug|Any CPU.ActiveCfg = Debug|Any CPU
		{5BAE93E8-A48C-48F6-8726-C65379B22658}.Debug|Any CPU.Build.0 = Debug|Any CPU
		{5BAE93E8-A48C-48F6-8726-C65379B22658}.Release|Any CPU.ActiveCfg = Release|Any CPU
		{5BAE93E8-A48C-48F6-8726-C65379B22658}.Release|Any CPU.Build.0 = Release|Any CPU
		{6E1C506F-A613-459C-BAA2-F8A412680C1E}.Debug|Any CPU.ActiveCfg = Debug|Any CPU
		{6E1C506F-A613-459C-BAA2-F8A412680C1E}.Debug|Any CPU.Build.0 = Debug|Any CPU
		{6E1C506F-A613-459C-BAA2-F8A412680C1E}.Release|Any CPU.ActiveCfg = Release|Any CPU
		{6E1C506F-A613-459C-BAA2-F8A412680C1E}.Release|Any CPU.Build.0 = Release|Any CPU
		{5C700A69-C208-4B0A-A78E-BA681015EDB7}.Debug|Any CPU.ActiveCfg = Debug|Any CPU
		{5C700A69-C208-4B0A-A78E-BA681015EDB7}.Debug|Any CPU.Build.0 = Debug|Any CPU
		{5C700A69-C208-4B0A-A78E-BA681015EDB7}.Release|Any CPU.ActiveCfg = Release|Any CPU
		{5C700A69-C208-4B0A-A78E-BA681015EDB7}.Release|Any CPU.Build.0 = Release|Any CPU
		{EBA902BB-BDAA-4938-8922-4CEEE1081193}.Debug|Any CPU.ActiveCfg = Debug|Any CPU
		{EBA902BB-BDAA-4938-8922-4CEEE1081193}.Debug|Any CPU.Build.0 = Debug|Any CPU
		{EBA902BB-BDAA-4938-8922-4CEEE1081193}.Release|Any CPU.ActiveCfg = Release|Any CPU
		{EBA902BB-BDAA-4938-8922-4CEEE1081193}.Release|Any CPU.Build.0 = Release|Any CPU
	EndGlobalSection
	GlobalSection(SolutionProperties) = preSolution
		HideSolutionNode = FALSE
	EndGlobalSection
	GlobalSection(NestedProjects) = preSolution
		{3AC24990-D86C-4989-84DC-4EDF9592520C} = {6A84CD55-EC72-44BF-A8DF-5D6AA366C674}
		{8CBE7A40-73D5-4992-ADCF-D1BAA2E54021} = {6A84CD55-EC72-44BF-A8DF-5D6AA366C674}
		{7EE919AF-588F-403B-81FB-E2B462341C66} = {6A84CD55-EC72-44BF-A8DF-5D6AA366C674}
		{B544B8DF-44E0-4830-B512-DC5277BD81F2} = {6A84CD55-EC72-44BF-A8DF-5D6AA366C674}
		{D365B556-7715-421A-B30B-CC9F6FD7F140} = {6A84CD55-EC72-44BF-A8DF-5D6AA366C674}
		{EBA902BB-BDAA-4938-8922-4CEEE1081193} = {6A84CD55-EC72-44BF-A8DF-5D6AA366C674}
		{46DB1097-C11C-4DA5-BDB9-CB1A39CFC066} = {DE2DF6A7-51AA-4499-8596-4452BD5C76C7}
		{D1B035B5-FCAB-4815-B1CA-5C8ACD07947E} = {DE2DF6A7-51AA-4499-8596-4452BD5C76C7}
		{6B14F10A-78F5-48E6-9A92-5B2A88D4ED10} = {DE2DF6A7-51AA-4499-8596-4452BD5C76C7}
		{F2A372FB-371F-4B33-9E18-CF2E37AFD261} = {DE2DF6A7-51AA-4499-8596-4452BD5C76C7}
		{2ED372A4-83E4-4269-9537-C9E972E1BD4A} = {A426E844-1D3D-4441-8A21-0B37BC5C93D9}
		{DBC6E9D5-795B-4A41-8CB7-731A1F1A9A97} = {A426E844-1D3D-4441-8A21-0B37BC5C93D9}
		{7B7B998D-7496-4A29-A662-3472F49F8F84} = {A426E844-1D3D-4441-8A21-0B37BC5C93D9}
		{3DD3CEED-C71E-464C-A1BA-6145F7CCEBAD} = {A426E844-1D3D-4441-8A21-0B37BC5C93D9}
		{4F442E69-8F66-4D5A-A1E2-DDD60714CEF4} = {A426E844-1D3D-4441-8A21-0B37BC5C93D9}
		{AC82B0D6-DB71-41A0-ABCE-EF95B33BD344} = {EAA7C8F2-D1DD-4D6E-8F99-A6C5A8730A33}
		{58DAA662-B786-4EE9-A19F-8EC9360E8599} = {EAA7C8F2-D1DD-4D6E-8F99-A6C5A8730A33}
		{935AF180-1C1B-428B-B90B-D5EBA6A45845} = {EAA7C8F2-D1DD-4D6E-8F99-A6C5A8730A33}
		{39FE19EB-74A1-4D5F-B41B-F05F86848699} = {EAA7C8F2-D1DD-4D6E-8F99-A6C5A8730A33}
		{94651D09-67C9-4047-A2C8-6D7B94447B95} = {EAA7C8F2-D1DD-4D6E-8F99-A6C5A8730A33}
		{A2BE7F32-3F2A-46BF-8051-9A3626F9A2BE} = {EAA7C8F2-D1DD-4D6E-8F99-A6C5A8730A33}
		{119A515C-1F3A-497D-BBA7-62776DCFE4F6} = {AF573D20-9066-45AD-9640-75182839B532}
		{ABB00055-104A-4157-8C7E-C281C42F0BDC} = {AF573D20-9066-45AD-9640-75182839B532}
		{C8AABA00-8F02-4CC6-BC6D-401F388AC890} = {AF573D20-9066-45AD-9640-75182839B532}
		{ACF5A361-DFCF-4346-921C-060DB79E7F19} = {C9F4F970-1E16-498F-9338-6BED5708AC47}
		{49E097D0-FCDA-4CB2-A27D-CA4EDCD5403B} = {C9F4F970-1E16-498F-9338-6BED5708AC47}
		{349E7E3F-0050-4728-A5D5-8A7ADD0F9FAF} = {C9F4F970-1E16-498F-9338-6BED5708AC47}
		{BF08EF30-A60B-40E1-8FAE-243E964ECBB6} = {C9F4F970-1E16-498F-9338-6BED5708AC47}
		{F3918067-F289-4990-BFF6-A9D7064601BA} = {C9F4F970-1E16-498F-9338-6BED5708AC47}
		{5BAE93E8-A48C-48F6-8726-C65379B22658} = {C9F4F970-1E16-498F-9338-6BED5708AC47}
		{6E1C506F-A613-459C-BAA2-F8A412680C1E} = {C9F4F970-1E16-498F-9338-6BED5708AC47}
		{5C700A69-C208-4B0A-A78E-BA681015EDB7} = {C9F4F970-1E16-498F-9338-6BED5708AC47}
	EndGlobalSection
EndGlobal
